
Microsoft Visual Studio Solution File, Format Version 12.00
# Visual Studio Version 17
VisualStudioVersion = 17.9.34728.123
MinimumVisualStudioVersion = 10.0.40219.1
Project("{FAE04EC0-301F-11D3-BF4B-00C04F79EFBC}") = "BusinessObjects", "BusinessObjects\BusinessObjects.csproj", "{4BBB056D-B472-4DAB-A0CC-FAC48F954816}"
EndProject
Project("{FAE04EC0-301F-11D3-BF4B-00C04F79EFBC}") = "DataAccessObjects", "DataAccessObjects\DataAccessObjects.csproj", "{8A8D6ED6-26C9-441A-B68A-D9C8201DF470}"
EndProject
Project("{FAE04EC0-301F-11D3-BF4B-00C04F79EFBC}") = "Repositories", "Repositories\Repositories.csproj", "{4D3084E4-975E-4B35-862E-5EBA917E0B4A}"
EndProject
Project("{FAE04EC0-301F-11D3-BF4B-00C04F79EFBC}") = "Services", "Services\Services.csproj", "{19A00C02-4ED8-47FD-A951-63FD1A02B9F9}"
EndProject
Project("{FAE04EC0-301F-11D3-BF4B-00C04F79EFBC}") = "WPFApp", "WPFApp\WPFApp.csproj", "{B745E74C-ECEE-42E1-A2A1-E1F19AB2C06C}"
EndProject
Global
	GlobalSection(SolutionConfigurationPlatforms) = preSolution
		Debug|Any CPU = Debug|Any CPU
		Release|Any CPU = Release|Any CPU
	EndGlobalSection
	GlobalSection(ProjectConfigurationPlatforms) = postSolution
		{4BBB056D-B472-4DAB-A0CC-FAC48F954816}.Debug|Any CPU.ActiveCfg = Debug|Any CPU
		{4BBB056D-B472-4DAB-A0CC-FAC48F954816}.Debug|Any CPU.Build.0 = Debug|Any CPU
		{4BBB056D-B472-4DAB-A0CC-FAC48F954816}.Release|Any CPU.ActiveCfg = Release|Any CPU
		{4BBB056D-B472-4DAB-A0CC-FAC48F954816}.Release|Any CPU.Build.0 = Release|Any CPU
		{8A8D6ED6-26C9-441A-B68A-D9C8201DF470}.Debug|Any CPU.ActiveCfg = Debug|Any CPU
		{8A8D6ED6-26C9-441A-B68A-D9C8201DF470}.Debug|Any CPU.Build.0 = Debug|Any CPU
		{8A8D6ED6-26C9-441A-B68A-D9C8201DF470}.Release|Any CPU.ActiveCfg = Release|Any CPU
		{8A8D6ED6-26C9-441A-B68A-D9C8201DF470}.Release|Any CPU.Build.0 = Release|Any CPU
		{4D3084E4-975E-4B35-862E-5EBA917E0B4A}.Debug|Any CPU.ActiveCfg = Debug|Any CPU
		{4D3084E4-975E-4B35-862E-5EBA917E0B4A}.Debug|Any CPU.Build.0 = Debug|Any CPU
		{4D3084E4-975E-4B35-862E-5EBA917E0B4A}.Release|Any CPU.ActiveCfg = Release|Any CPU
		{4D3084E4-975E-4B35-862E-5EBA917E0B4A}.Release|Any CPU.Build.0 = Release|Any CPU
		{19A00C02-4ED8-47FD-A951-63FD1A02B9F9}.Debug|Any CPU.ActiveCfg = Debug|Any CPU
		{19A00C02-4ED8-47FD-A951-63FD1A02B9F9}.Debug|Any CPU.Build.0 = Debug|Any CPU
		{19A00C02-4ED8-47FD-A951-63FD1A02B9F9}.Release|Any CPU.ActiveCfg = Release|Any CPU
		{19A00C02-4ED8-47FD-A951-63FD1A02B9F9}.Release|Any CPU.Build.0 = Release|Any CPU
		{B745E74C-ECEE-42E1-A2A1-E1F19AB2C06C}.Debug|Any CPU.ActiveCfg = Debug|Any CPU
		{B745E74C-ECEE-42E1-A2A1-E1F19AB2C06C}.Debug|Any CPU.Build.0 = Debug|Any CPU
		{B745E74C-ECEE-42E1-A2A1-E1F19AB2C06C}.Release|Any CPU.ActiveCfg = Release|Any CPU
		{B745E74C-ECEE-42E1-A2A1-E1F19AB2C06C}.Release|Any CPU.Build.0 = Release|Any CPU
	EndGlobalSection
	GlobalSection(SolutionProperties) = preSolution
		HideSolutionNode = FALSE
	EndGlobalSection
	GlobalSection(ExtensibilityGlobals) = postSolution
		SolutionGuid = {ACB72E10-D24A-4917-A3DB-915B46395F87}
	EndGlobalSection
EndGlobal
